
Microsoft Visual Studio Solution File, Format Version 12.00
# Visual Studio Version 17
VisualStudioVersion = 17.13.35931.197 d17.13
MinimumVisualStudioVersion = 10.0.40219.1
Project("{FAE04EC0-301F-11D3-BF4B-00C04F79EFBC}") = "PMA", "PMA.csproj", "{B21BD379-1D72-41E6-A053-0245C18FB514}"
EndProject
Global
	GlobalSection(SolutionConfigurationPlatforms) = preSolution
		Debug|Any CPU = Debug|Any CPU
		Release|Any CPU = Release|Any CPU
	EndGlobalSection
	GlobalSection(ProjectConfigurationPlatforms) = postSolution
		{B21BD379-1D72-41E6-A053-0245C18FB514}.Debug|Any CPU.ActiveCfg = Debug|Any CPU
		{B21BD379-1D72-41E6-A053-0245C18FB514}.Debug|Any CPU.Build.0 = Debug|Any CPU
		{B21BD379-1D72-41E6-A053-0245C18FB514}.Debug|Any CPU.Deploy.0 = Debug|Any CPU
		{B21BD379-1D72-41E6-A053-0245C18FB514}.Release|Any CPU.ActiveCfg = Release|Any CPU
		{B21BD379-1D72-41E6-A053-0245C18FB514}.Release|Any CPU.Build.0 = Release|Any CPU
	EndGlobalSection
	GlobalSection(SolutionProperties) = preSolution
		HideSolutionNode = FALSE
	EndGlobalSection
	GlobalSection(ExtensibilityGlobals) = postSolution
		SolutionGuid = {A2DCB6AE-85C2-4BCA-99FA-F67778CBE44E}
	EndGlobalSection
EndGlobal
